{
  "requires": true,
  "lockfileVersion": 1,
  "dependencies": {
    "epic-spinners": {
      "version": "1.1.0",
      "resolved": "https://registry.npmjs.org/epic-spinners/-/epic-spinners-1.1.0.tgz",
      "integrity": "sha512-nFyHmFuBFO6LpT37Xu68lQqKDYK50gXoZ6Yj/mpoS1Uslku0YkMtAGDzH8nbeFSiifAIoT1rUDB3S7e/ifnnxg=="
    },
    "hammerjs": {
      "version": "2.0.8",
      "resolved": "https://registry.npmjs.org/hammerjs/-/hammerjs-2.0.8.tgz",
      "integrity": "sha1-BO93hiz/K7edMPdpIJWTAiK/YPE="
    },
    "lingallery": {
      "version": "1.3.0",
      "resolved": "https://registry.npmjs.org/lingallery/-/lingallery-1.3.0.tgz",
      "integrity": "sha512-wxDtJOX6pDHWs5A6+zz30WH+hYININMftijuFVnqWLrznzUrsatea7XFtU9SIOBtsc+ASzgqdNj04WH9/Nh8eQ==",
      "requires": {
        "epic-spinners": "^1.1.0",
        "hammerjs": "^2.0.8",
        "vue": "^2.6.10",
        "vue-async-computed": "^3.7.0"
      }
    },
    "vue": {
      "version": "2.6.10",
      "resolved": "https://registry.npmjs.org/vue/-/vue-2.6.10.tgz",
      "integrity": "sha512-ImThpeNU9HbdZL3utgMCq0oiMzAkt1mcgy3/E6zWC/G6AaQoeuFdsl9nDhTDU3X1R6FK7nsIUuRACVcjI+A2GQ=="
    },
    "vue-async-computed": {
      "version": "3.7.0",
      "resolved": "https://registry.npmjs.org/vue-async-computed/-/vue-async-computed-3.7.0.tgz",
      "integrity": "sha512-TyP37QJZK8pvN14wxBcXtt9TOjkpYYdndklABZNH+X1ZjeyM/krndloiS1DeFUg95MqIi5wzjevOPu6UTcD7pg=="
    },
    "vue-gallery-slideshow": {
      "version": "1.5.0",
      "resolved": "https://registry.npmjs.org/vue-gallery-slideshow/-/vue-gallery-slideshow-1.5.0.tgz",
      "integrity": "sha512-LMl9rRRG7X9OVoOhBH4uBL2/+ABTJvoZzh/qQtwk56dtkQ9ahkrP/LXKSMCh4ZdmUIgHM1abmQ0JYv/IW1UtYA=="
    },
    "vue-js-modal": {
      "version": "1.3.31",
      "resolved": "https://registry.npmjs.org/vue-js-modal/-/vue-js-modal-1.3.31.tgz",
      "integrity": "sha512-gwt2904sWbMUuUcHwKQ510IEs4G7S3bqVWLYeTOc2eEyWMmmnT9UmojDsXIexFnPVM7cZTua37z3Jm/h0i0y8Q=="
    },
    "vue-multiselect": {
      "version": "2.1.6",
      "resolved": "https://registry.npmjs.org/vue-multiselect/-/vue-multiselect-2.1.6.tgz",
      "integrity": "sha512-s7jmZPlm9FeueJg1RwJtnE9KNPtME/7C8uRWSfp9/yEN4M8XcS/d+bddoyVwVnvFyRh9msFo0HWeW0vTL8Qv+w=="
    }
  }
}
