{
  "requires": true,
  "lockfileVersion": 1,
  "dependencies": {
    "@fortawesome/fontawesome-free": {
      "version": "5.11.2",
      "resolved": "https://registry.npmjs.org/@fortawesome/fontawesome-free/-/fontawesome-free-5.11.2.tgz",
      "integrity": "sha512-XiUPoS79r1G7PcpnNtq85TJ7inJWe0v+b5oZJZKb0pGHNIV6+UiNeQWiFGmuQ0aj7GEhnD/v9iqxIsjuRKtEnQ=="
    },
    "axios": {
      "version": "0.19.0",
      "resolved": "https://registry.npmjs.org/axios/-/axios-0.19.0.tgz",
      "integrity": "sha512-1uvKqKQta3KBxIz14F2v06AEHZ/dIoeKfbTRkK1E5oqjDnuEerLmYTgJB5AiQZHJcljpg1TuRzdjDR06qNk0DQ==",
      "requires": {
        "follow-redirects": "1.5.10",
        "is-buffer": "^2.0.2"
      }
    },
    "babel-runtime": {
      "version": "6.26.0",
      "resolved": "https://registry.npmjs.org/babel-runtime/-/babel-runtime-6.26.0.tgz",
      "integrity": "sha1-llxwWGaOgrVde/4E/yM3vItWR/4=",
      "requires": {
        "core-js": "^2.4.0",
        "regenerator-runtime": "^0.11.0"
      }
    },
    "core-js": {
      "version": "2.6.10",
      "resolved": "https://registry.npmjs.org/core-js/-/core-js-2.6.10.tgz",
      "integrity": "sha512-I39t74+4t+zau64EN1fE5v2W31Adtc/REhzWN+gWRRXg6WH5qAsZm62DHpQ1+Yhe4047T55jvzz7MUqF/dBBlA=="
    },
    "debug": {
      "version": "3.1.0",
      "resolved": "https://registry.npmjs.org/debug/-/debug-3.1.0.tgz",
      "integrity": "sha512-OX8XqP7/1a9cqkxYw2yXss15f26NKWBpDXQd0/uK/KPqdQhxbPa994hnzjcE2VqQpDslf55723cKPUOGSmMY3g==",
      "requires": {
        "ms": "2.0.0"
      }
    },
    "epic-spinners": {
      "version": "1.1.0",
      "resolved": "https://registry.npmjs.org/epic-spinners/-/epic-spinners-1.1.0.tgz",
      "integrity": "sha512-nFyHmFuBFO6LpT37Xu68lQqKDYK50gXoZ6Yj/mpoS1Uslku0YkMtAGDzH8nbeFSiifAIoT1rUDB3S7e/ifnnxg=="
    },
    "follow-redirects": {
      "version": "1.5.10",
      "resolved": "https://registry.npmjs.org/follow-redirects/-/follow-redirects-1.5.10.tgz",
      "integrity": "sha512-0V5l4Cizzvqt5D44aTXbFZz+FtyXV1vrDN6qrelxtfYQKW0KO0W2T/hkE8xvGa/540LkZlkaUjO4ailYTFtHVQ==",
      "requires": {
        "debug": "=3.1.0"
      }
    },
    "google-maps": {
      "version": "3.3.0",
      "resolved": "https://registry.npmjs.org/google-maps/-/google-maps-3.3.0.tgz",
      "integrity": "sha512-pj4En0cWKG+lcBvC7qrzu5ItiMsYNTgjG2capsPzAbAM/O8ftugGpUUftTTwdGL8KlNvB4CEZ6IBWwpWYzUEpw=="
    },
    "hammerjs": {
      "version": "2.0.8",
      "resolved": "https://registry.npmjs.org/hammerjs/-/hammerjs-2.0.8.tgz",
      "integrity": "sha1-BO93hiz/K7edMPdpIJWTAiK/YPE="
    },
    "is-buffer": {
      "version": "2.0.4",
      "resolved": "https://registry.npmjs.org/is-buffer/-/is-buffer-2.0.4.tgz",
      "integrity": "sha512-Kq1rokWXOPXWuaMAqZiJW4XxsmD9zGx9q4aePabbn3qCRGedtH7Cm+zV8WETitMfu1wdh+Rvd6w5egwSngUX2A=="
    },
    "lingallery": {
      "version": "1.3.0",
      "resolved": "https://registry.npmjs.org/lingallery/-/lingallery-1.3.0.tgz",
      "integrity": "sha512-wxDtJOX6pDHWs5A6+zz30WH+hYININMftijuFVnqWLrznzUrsatea7XFtU9SIOBtsc+ASzgqdNj04WH9/Nh8eQ==",
      "requires": {
        "epic-spinners": "^1.1.0",
        "hammerjs": "^2.0.8",
        "vue": "^2.6.10",
        "vue-async-computed": "^3.7.0"
      }
    },
    "marker-clusterer-plus": {
      "version": "2.1.4",
      "resolved": "https://registry.npmjs.org/marker-clusterer-plus/-/marker-clusterer-plus-2.1.4.tgz",
      "integrity": "sha1-+O/3TVmdqzt9Dj/tUmTqDnBPXWc="
    },
    "ms": {
      "version": "2.0.0",
      "resolved": "https://registry.npmjs.org/ms/-/ms-2.0.0.tgz",
      "integrity": "sha1-VgiurfwAvmwpAd9fmGF4jeDVl8g="
    },
    "regenerator-runtime": {
      "version": "0.11.1",
      "resolved": "https://registry.npmjs.org/regenerator-runtime/-/regenerator-runtime-0.11.1.tgz",
      "integrity": "sha512-MguG95oij0fC3QV3URf4V2SDYGJhJnJGqvIIgdECeODCT98wSWDAJ94SSuVpYQUoTcGUIL6L4yNB7j1DFFHSBg=="
    },
    "vee-validate": {
      "version": "3.0.11",
      "resolved": "https://registry.npmjs.org/vee-validate/-/vee-validate-3.0.11.tgz",
      "integrity": "sha512-2KRLdtM/y+bU2o9KC7cZBGPRUsBxQaoFb3IlBOUkj6l24Gx5XWXxNkhaAXK97BRLOdM4CH/gJYFi9DOm0N7dTQ=="
    },
    "vue": {
      "version": "2.6.10",
      "resolved": "https://registry.npmjs.org/vue/-/vue-2.6.10.tgz",
      "integrity": "sha512-ImThpeNU9HbdZL3utgMCq0oiMzAkt1mcgy3/E6zWC/G6AaQoeuFdsl9nDhTDU3X1R6FK7nsIUuRACVcjI+A2GQ=="
    },
    "vue-ads-pagination": {
      "version": "2.1.6",
      "resolved": "https://registry.npmjs.org/vue-ads-pagination/-/vue-ads-pagination-2.1.6.tgz",
      "integrity": "sha512-kxH6Mw7kJgr/d9okUtv80Wu6GDZIdNRU/BvcYkZFpCoN6IFzmMyrEymr/RI6lyeBzGV2z3S5cDPaB5ZkvqWdFA==",
      "requires": {
        "@fortawesome/fontawesome-free": "^5.9.0",
        "vue": "^2.6.10"
      }
    },
    "vue-async-computed": {
      "version": "3.7.0",
      "resolved": "https://registry.npmjs.org/vue-async-computed/-/vue-async-computed-3.7.0.tgz",
      "integrity": "sha512-TyP37QJZK8pvN14wxBcXtt9TOjkpYYdndklABZNH+X1ZjeyM/krndloiS1DeFUg95MqIi5wzjevOPu6UTcD7pg=="
    },
    "vue-class-component": {
      "version": "7.1.0",
      "resolved": "https://registry.npmjs.org/vue-class-component/-/vue-class-component-7.1.0.tgz",
      "integrity": "sha512-G9152NzUkz0i0xTfhk0Afc8vzdXxDR1pfN4dTwE72cskkgJtdXfrKBkMfGvDuxUh35U500g5Ve4xL8PEGdWeHg=="
    },
    "vue-gallery-slideshow": {
      "version": "1.5.0",
      "resolved": "https://registry.npmjs.org/vue-gallery-slideshow/-/vue-gallery-slideshow-1.5.0.tgz",
      "integrity": "sha512-LMl9rRRG7X9OVoOhBH4uBL2/+ABTJvoZzh/qQtwk56dtkQ9ahkrP/LXKSMCh4ZdmUIgHM1abmQ0JYv/IW1UtYA=="
    },
    "vue-js-modal": {
      "version": "1.3.31",
      "resolved": "https://registry.npmjs.org/vue-js-modal/-/vue-js-modal-1.3.31.tgz",
      "integrity": "sha512-gwt2904sWbMUuUcHwKQ510IEs4G7S3bqVWLYeTOc2eEyWMmmnT9UmojDsXIexFnPVM7cZTua37z3Jm/h0i0y8Q=="
    },
    "vue-material": {
      "version": "1.0.0-beta-11",
      "resolved": "https://registry.npmjs.org/vue-material/-/vue-material-1.0.0-beta-11.tgz",
      "integrity": "sha512-1+dIVkQafMIA/zNONb7OwGaTjAxaWk/JhUA2/FInQvbArxf1ToKB+yIdeSfzopQ1KICnBTAmk9E0Vdr5p4MWNA=="
    },
    "vue-multiselect": {
      "version": "2.1.6",
      "resolved": "https://registry.npmjs.org/vue-multiselect/-/vue-multiselect-2.1.6.tgz",
      "integrity": "sha512-s7jmZPlm9FeueJg1RwJtnE9KNPtME/7C8uRWSfp9/yEN4M8XcS/d+bddoyVwVnvFyRh9msFo0HWeW0vTL8Qv+w=="
    },
    "vue-property-decorator": {
      "version": "8.3.0",
      "resolved": "https://registry.npmjs.org/vue-property-decorator/-/vue-property-decorator-8.3.0.tgz",
      "integrity": "sha512-77YtTbZHd5CNiPzbqv51kEgL48yvD2dUDfF28vEyw3MbQ9bBAb/tDyFzskcqjNRbWyXk1vq4oM2CK/LfhxuIBg==",
      "requires": {
        "vue-class-component": "^7.1.0"
      }
    },
    "vue-slide-bar": {
      "version": "1.2.0",
      "resolved": "https://registry.npmjs.org/vue-slide-bar/-/vue-slide-bar-1.2.0.tgz",
      "integrity": "sha512-SewM0C1lt7s0vrp9N1u3dA0yVNEj2kTs+m2bHhe+Mc/NYmjqcU3IcbKlVrrbWOkAjrLFYQ3OmsvVEl60Xzb8+w==",
      "requires": {
        "vue": "^2.5.22"
      }
    },
    "vue-slider-component": {
      "version": "3.0.43",
      "resolved": "https://registry.npmjs.org/vue-slider-component/-/vue-slider-component-3.0.43.tgz",
      "integrity": "sha512-6VBalKc0CP4rdA1N7ZfmWp1oaS9trL194qfEN/4vRQm9aLzyoMnMmaLubYt1/Op7xyi1s+T87jpVfWUvNIuwaQ==",
      "requires": {
        "vue-property-decorator": "^8.0.0"
      }
    },
    "vue2-google-maps": {
      "version": "0.10.7",
      "resolved": "https://registry.npmjs.org/vue2-google-maps/-/vue2-google-maps-0.10.7.tgz",
      "integrity": "sha512-y5aBJTAsfGvpsbfgPaeWU7o7QbOeINZKsP6SB9qrBe8U8EYBFO/bTWo3rcMq/NOtgT/XssV3Nwg/2u3no6jWbw==",
      "requires": {
        "babel-runtime": "^6.26.0",
        "marker-clusterer-plus": "^2.1.4"
      }
    },
    "vuejs-paginate": {
      "version": "2.1.0",
      "resolved": "https://registry.npmjs.org/vuejs-paginate/-/vuejs-paginate-2.1.0.tgz",
      "integrity": "sha512-gnwyXlmCiDOu9MLWxN5UJ4PGijKGNOMpHG8ujsrynCzTJljn/rp7Jq0WiDGDAMi5/u0AHuYIHhced+tUW4jblA=="
    },
    "vuetify": {
      "version": "2.1.10",
      "resolved": "https://registry.npmjs.org/vuetify/-/vuetify-2.1.10.tgz",
      "integrity": "sha512-hFc6XNYc2YE3HisxCH5VezRFtGQ2RwTvBy7eN+b67UuiGIhvEUR9h3uO4NUuulmvKPKJ4rONN+L9sVszgMBlJQ=="
    }
  }
}
